
Microsoft Visual Studio Solution File, Format Version 12.00
# Visual Studio Version 17
VisualStudioVersion = 17.0.31903.59
MinimumVisualStudioVersion = 10.0.40219.1
Project("{FAE04EC0-301F-11D3-BF4B-00C04F79EFBC}") = "ConcentKitchen", "ConcentKitchen\ConcentKitchen.csproj", "{950ABC2D-E59D-4C4B-BF6E-716375B7944A}"
EndProject
Project("{FAE04EC0-301F-11D3-BF4B-00C04F79EFBC}") = "ConcentKitchen.Test", "ConcentKitchen.Test\ConcentKitchen.Test.csproj", "{0405A40D-1B4B-46BE-9ADB-6DA419C6E0A7}"
EndProject
Global
	GlobalSection(SolutionConfigurationPlatforms) = preSolution
		Debug|Any CPU = Debug|Any CPU
		Release|Any CPU = Release|Any CPU
	EndGlobalSection
	GlobalSection(SolutionProperties) = preSolution
		HideSolutionNode = FALSE
	EndGlobalSection
	GlobalSection(ProjectConfigurationPlatforms) = postSolution
		{950ABC2D-E59D-4C4B-BF6E-716375B7944A}.Debug|Any CPU.ActiveCfg = Debug|Any CPU
		{950ABC2D-E59D-4C4B-BF6E-716375B7944A}.Debug|Any CPU.Build.0 = Debug|Any CPU
		{950ABC2D-E59D-4C4B-BF6E-716375B7944A}.Release|Any CPU.ActiveCfg = Release|Any CPU
		{950ABC2D-E59D-4C4B-BF6E-716375B7944A}.Release|Any CPU.Build.0 = Release|Any CPU
		{0405A40D-1B4B-46BE-9ADB-6DA419C6E0A7}.Debug|Any CPU.ActiveCfg = Debug|Any CPU
		{0405A40D-1B4B-46BE-9ADB-6DA419C6E0A7}.Debug|Any CPU.Build.0 = Debug|Any CPU
		{0405A40D-1B4B-46BE-9ADB-6DA419C6E0A7}.Release|Any CPU.ActiveCfg = Release|Any CPU
		{0405A40D-1B4B-46BE-9ADB-6DA419C6E0A7}.Release|Any CPU.Build.0 = Release|Any CPU
	EndGlobalSection
EndGlobal
